
Microsoft Visual Studio Solution File, Format Version 11.00
# Visual Studio 2010
Project("{8BC9CEB8-8B4A-11D0-8D11-00A0C91BC942}") = "Bai5", "Bai5\Bai5.vcxproj", "{A43B516C-1809-4D82-87A4-D6AF105221AF}"
EndProject
Global
	GlobalSection(SolutionConfigurationPlatforms) = preSolution
		Debug|Win32 = Debug|Win32
		Release|Win32 = Release|Win32
	EndGlobalSection
	GlobalSection(ProjectConfigurationPlatforms) = postSolution
		{A43B516C-1809-4D82-87A4-D6AF105221AF}.Debug|Win32.ActiveCfg = Debug|Win32
		{A43B516C-1809-4D82-87A4-D6AF105221AF}.Debug|Win32.Build.0 = Debug|Win32
		{A43B516C-1809-4D82-87A4-D6AF105221AF}.Release|Win32.ActiveCfg = Release|Win32
		{A43B516C-1809-4D82-87A4-D6AF105221AF}.Release|Win32.Build.0 = Release|Win32
	EndGlobalSection
	GlobalSection(SolutionProperties) = preSolution
		HideSolutionNode = FALSE
	EndGlobalSection
EndGlobal
