
Microsoft Visual Studio Solution File, Format Version 11.00
# Visual Studio 2010
Project("{8BC9CEB8-8B4A-11D0-8D11-00A0C91BC942}") = "Bai3_DoiCoSo", "Bai3_DoiCoSo\Bai3_DoiCoSo.vcxproj", "{E191844E-BC31-4F0E-A546-101A0A686EEB}"
EndProject
Global
	GlobalSection(SolutionConfigurationPlatforms) = preSolution
		Debug|Win32 = Debug|Win32
		Release|Win32 = Release|Win32
	EndGlobalSection
	GlobalSection(ProjectConfigurationPlatforms) = postSolution
		{E191844E-BC31-4F0E-A546-101A0A686EEB}.Debug|Win32.ActiveCfg = Debug|Win32
		{E191844E-BC31-4F0E-A546-101A0A686EEB}.Debug|Win32.Build.0 = Debug|Win32
		{E191844E-BC31-4F0E-A546-101A0A686EEB}.Release|Win32.ActiveCfg = Release|Win32
		{E191844E-BC31-4F0E-A546-101A0A686EEB}.Release|Win32.Build.0 = Release|Win32
	EndGlobalSection
	GlobalSection(SolutionProperties) = preSolution
		HideSolutionNode = FALSE
	EndGlobalSection
EndGlobal
