
Microsoft Visual Studio Solution File, Format Version 11.00
# Visual Studio 2010
Project("{8BC9CEB8-8B4A-11D0-8D11-00A0C91BC942}") = "Lab03_Bai06_SoNguyenTo", "Lab03_Bai06_SoNguyenTo\Lab03_Bai06_SoNguyenTo.vcxproj", "{18BAB4B2-DAFA-4D9F-920F-31C4E4E6D4AF}"
EndProject
Global
	GlobalSection(SolutionConfigurationPlatforms) = preSolution
		Debug|Win32 = Debug|Win32
		Release|Win32 = Release|Win32
	EndGlobalSection
	GlobalSection(ProjectConfigurationPlatforms) = postSolution
		{18BAB4B2-DAFA-4D9F-920F-31C4E4E6D4AF}.Debug|Win32.ActiveCfg = Debug|Win32
		{18BAB4B2-DAFA-4D9F-920F-31C4E4E6D4AF}.Debug|Win32.Build.0 = Debug|Win32
		{18BAB4B2-DAFA-4D9F-920F-31C4E4E6D4AF}.Release|Win32.ActiveCfg = Release|Win32
		{18BAB4B2-DAFA-4D9F-920F-31C4E4E6D4AF}.Release|Win32.Build.0 = Release|Win32
	EndGlobalSection
	GlobalSection(SolutionProperties) = preSolution
		HideSolutionNode = FALSE
	EndGlobalSection
EndGlobal
