
Microsoft Visual Studio Solution File, Format Version 11.00
# Visual Studio 2010
Project("{8BC9CEB8-8B4A-11D0-8D11-00A0C91BC942}") = "Bai5_KhaiTrienTaylor", "Bai5_KhaiTrienTaylor\Bai5_KhaiTrienTaylor.vcxproj", "{9CF9130F-2622-46D0-A4E0-73A5D6E4FC2D}"
EndProject
Global
	GlobalSection(SolutionConfigurationPlatforms) = preSolution
		Debug|Win32 = Debug|Win32
		Release|Win32 = Release|Win32
	EndGlobalSection
	GlobalSection(ProjectConfigurationPlatforms) = postSolution
		{9CF9130F-2622-46D0-A4E0-73A5D6E4FC2D}.Debug|Win32.ActiveCfg = Debug|Win32
		{9CF9130F-2622-46D0-A4E0-73A5D6E4FC2D}.Debug|Win32.Build.0 = Debug|Win32
		{9CF9130F-2622-46D0-A4E0-73A5D6E4FC2D}.Release|Win32.ActiveCfg = Release|Win32
		{9CF9130F-2622-46D0-A4E0-73A5D6E4FC2D}.Release|Win32.Build.0 = Release|Win32
	EndGlobalSection
	GlobalSection(SolutionProperties) = preSolution
		HideSolutionNode = FALSE
	EndGlobalSection
EndGlobal
