
Microsoft Visual Studio Solution File, Format Version 11.00
# Visual Studio 2010
Project("{8BC9CEB8-8B4A-11D0-8D11-00A0C91BC942}") = "Bai7_CanBacHai", "Bai7_CanBacHai\Bai7_CanBacHai.vcxproj", "{679393B1-E0E1-448D-8086-027AB0D56584}"
EndProject
Global
	GlobalSection(SolutionConfigurationPlatforms) = preSolution
		Debug|Win32 = Debug|Win32
		Release|Win32 = Release|Win32
	EndGlobalSection
	GlobalSection(ProjectConfigurationPlatforms) = postSolution
		{679393B1-E0E1-448D-8086-027AB0D56584}.Debug|Win32.ActiveCfg = Debug|Win32
		{679393B1-E0E1-448D-8086-027AB0D56584}.Debug|Win32.Build.0 = Debug|Win32
		{679393B1-E0E1-448D-8086-027AB0D56584}.Release|Win32.ActiveCfg = Release|Win32
		{679393B1-E0E1-448D-8086-027AB0D56584}.Release|Win32.Build.0 = Release|Win32
	EndGlobalSection
	GlobalSection(SolutionProperties) = preSolution
		HideSolutionNode = FALSE
	EndGlobalSection
EndGlobal
