
Microsoft Visual Studio Solution File, Format Version 11.00
# Visual Studio 2010
Project("{8BC9CEB8-8B4A-11D0-8D11-00A0C91BC942}") = "Bai4", "Bai4\Bai4.vcxproj", "{9A8DA644-4F52-41C8-80F9-53B1CE15645D}"
EndProject
Global
	GlobalSection(SolutionConfigurationPlatforms) = preSolution
		Debug|Win32 = Debug|Win32
		Release|Win32 = Release|Win32
	EndGlobalSection
	GlobalSection(ProjectConfigurationPlatforms) = postSolution
		{9A8DA644-4F52-41C8-80F9-53B1CE15645D}.Debug|Win32.ActiveCfg = Debug|Win32
		{9A8DA644-4F52-41C8-80F9-53B1CE15645D}.Debug|Win32.Build.0 = Debug|Win32
		{9A8DA644-4F52-41C8-80F9-53B1CE15645D}.Release|Win32.ActiveCfg = Release|Win32
		{9A8DA644-4F52-41C8-80F9-53B1CE15645D}.Release|Win32.Build.0 = Release|Win32
	EndGlobalSection
	GlobalSection(SolutionProperties) = preSolution
		HideSolutionNode = FALSE
	EndGlobalSection
EndGlobal
