
Microsoft Visual Studio Solution File, Format Version 11.00
# Visual Studio 2010
Project("{8BC9CEB8-8B4A-11D0-8D11-00A0C91BC942}") = "Bai7_SoLon", "Bai7_SoLon\Bai7_SoLon.vcxproj", "{BC6DE4D6-B7D9-4755-BFAC-B0EDB79A3EA1}"
EndProject
Global
	GlobalSection(SolutionConfigurationPlatforms) = preSolution
		Debug|Win32 = Debug|Win32
		Release|Win32 = Release|Win32
	EndGlobalSection
	GlobalSection(ProjectConfigurationPlatforms) = postSolution
		{BC6DE4D6-B7D9-4755-BFAC-B0EDB79A3EA1}.Debug|Win32.ActiveCfg = Debug|Win32
		{BC6DE4D6-B7D9-4755-BFAC-B0EDB79A3EA1}.Debug|Win32.Build.0 = Debug|Win32
		{BC6DE4D6-B7D9-4755-BFAC-B0EDB79A3EA1}.Release|Win32.ActiveCfg = Release|Win32
		{BC6DE4D6-B7D9-4755-BFAC-B0EDB79A3EA1}.Release|Win32.Build.0 = Release|Win32
	EndGlobalSection
	GlobalSection(SolutionProperties) = preSolution
		HideSolutionNode = FALSE
	EndGlobalSection
EndGlobal
