
Microsoft Visual Studio Solution File, Format Version 11.00
# Visual Studio 2010
Project("{8BC9CEB8-8B4A-11D0-8D11-00A0C91BC942}") = "Bai5_DaySo", "Bai5_DaySo\Bai5_DaySo.vcxproj", "{7B9BA237-7A6C-485B-ACB9-6FB54500E814}"
EndProject
Global
	GlobalSection(SolutionConfigurationPlatforms) = preSolution
		Debug|Win32 = Debug|Win32
		Release|Win32 = Release|Win32
	EndGlobalSection
	GlobalSection(ProjectConfigurationPlatforms) = postSolution
		{7B9BA237-7A6C-485B-ACB9-6FB54500E814}.Debug|Win32.ActiveCfg = Debug|Win32
		{7B9BA237-7A6C-485B-ACB9-6FB54500E814}.Debug|Win32.Build.0 = Debug|Win32
		{7B9BA237-7A6C-485B-ACB9-6FB54500E814}.Release|Win32.ActiveCfg = Release|Win32
		{7B9BA237-7A6C-485B-ACB9-6FB54500E814}.Release|Win32.Build.0 = Release|Win32
	EndGlobalSection
	GlobalSection(SolutionProperties) = preSolution
		HideSolutionNode = FALSE
	EndGlobalSection
EndGlobal
