
Microsoft Visual Studio Solution File, Format Version 11.00
# Visual Studio 2010
Project("{8BC9CEB8-8B4A-11D0-8D11-00A0C91BC942}") = "Bai10_ChuyenDoiHeToaDo", "Bai10_ChuyenDoiHeToaDo\Bai10_ChuyenDoiHeToaDo.vcxproj", "{F3AACA08-039B-4268-AF02-191FCDD09BEF}"
EndProject
Global
	GlobalSection(SolutionConfigurationPlatforms) = preSolution
		Debug|Win32 = Debug|Win32
		Release|Win32 = Release|Win32
	EndGlobalSection
	GlobalSection(ProjectConfigurationPlatforms) = postSolution
		{F3AACA08-039B-4268-AF02-191FCDD09BEF}.Debug|Win32.ActiveCfg = Debug|Win32
		{F3AACA08-039B-4268-AF02-191FCDD09BEF}.Debug|Win32.Build.0 = Debug|Win32
		{F3AACA08-039B-4268-AF02-191FCDD09BEF}.Release|Win32.ActiveCfg = Release|Win32
		{F3AACA08-039B-4268-AF02-191FCDD09BEF}.Release|Win32.Build.0 = Release|Win32
	EndGlobalSection
	GlobalSection(SolutionProperties) = preSolution
		HideSolutionNode = FALSE
	EndGlobalSection
EndGlobal
