
Microsoft Visual Studio Solution File, Format Version 11.00
# Visual Studio 2010
Project("{8BC9CEB8-8B4A-11D0-8D11-00A0C91BC942}") = "Lab03_Bai04_GiaiThua", "Lab03_Bai04_GiaiThua\Lab03_Bai04_GiaiThua.vcxproj", "{E4FA2B79-B0D9-4682-9B05-EB9317D40344}"
EndProject
Global
	GlobalSection(SolutionConfigurationPlatforms) = preSolution
		Debug|Win32 = Debug|Win32
		Release|Win32 = Release|Win32
	EndGlobalSection
	GlobalSection(ProjectConfigurationPlatforms) = postSolution
		{E4FA2B79-B0D9-4682-9B05-EB9317D40344}.Debug|Win32.ActiveCfg = Debug|Win32
		{E4FA2B79-B0D9-4682-9B05-EB9317D40344}.Debug|Win32.Build.0 = Debug|Win32
		{E4FA2B79-B0D9-4682-9B05-EB9317D40344}.Release|Win32.ActiveCfg = Release|Win32
		{E4FA2B79-B0D9-4682-9B05-EB9317D40344}.Release|Win32.Build.0 = Release|Win32
	EndGlobalSection
	GlobalSection(SolutionProperties) = preSolution
		HideSolutionNode = FALSE
	EndGlobalSection
EndGlobal
