
Microsoft Visual Studio Solution File, Format Version 11.00
# Visual Studio 2010
Project("{8BC9CEB8-8B4A-11D0-8D11-00A0C91BC942}") = "Bai4_DoLanhCuaGio", "Bai4_DoLanhCuaGio\Bai4_DoLanhCuaGio.vcxproj", "{50C831AD-3DBA-43EF-99B4-E15EEA6CD6EA}"
EndProject
Global
	GlobalSection(SolutionConfigurationPlatforms) = preSolution
		Debug|Win32 = Debug|Win32
		Release|Win32 = Release|Win32
	EndGlobalSection
	GlobalSection(ProjectConfigurationPlatforms) = postSolution
		{50C831AD-3DBA-43EF-99B4-E15EEA6CD6EA}.Debug|Win32.ActiveCfg = Debug|Win32
		{50C831AD-3DBA-43EF-99B4-E15EEA6CD6EA}.Debug|Win32.Build.0 = Debug|Win32
		{50C831AD-3DBA-43EF-99B4-E15EEA6CD6EA}.Release|Win32.ActiveCfg = Release|Win32
		{50C831AD-3DBA-43EF-99B4-E15EEA6CD6EA}.Release|Win32.Build.0 = Release|Win32
	EndGlobalSection
	GlobalSection(SolutionProperties) = preSolution
		HideSolutionNode = FALSE
	EndGlobalSection
EndGlobal
