
Microsoft Visual Studio Solution File, Format Version 11.00
# Visual Studio 2010
Project("{8BC9CEB8-8B4A-11D0-8D11-00A0C91BC942}") = "Lab09_E_Bai3_Mang2ChieuDong", "Lab09_E_Bai3_Mang2ChieuDong\Lab09_E_Bai3_Mang2ChieuDong.vcxproj", "{AB3D1380-3FFB-4DE7-AC36-5AABD7D64628}"
EndProject
Global
	GlobalSection(SolutionConfigurationPlatforms) = preSolution
		Debug|Win32 = Debug|Win32
		Release|Win32 = Release|Win32
	EndGlobalSection
	GlobalSection(ProjectConfigurationPlatforms) = postSolution
		{AB3D1380-3FFB-4DE7-AC36-5AABD7D64628}.Debug|Win32.ActiveCfg = Debug|Win32
		{AB3D1380-3FFB-4DE7-AC36-5AABD7D64628}.Debug|Win32.Build.0 = Debug|Win32
		{AB3D1380-3FFB-4DE7-AC36-5AABD7D64628}.Release|Win32.ActiveCfg = Release|Win32
		{AB3D1380-3FFB-4DE7-AC36-5AABD7D64628}.Release|Win32.Build.0 = Release|Win32
	EndGlobalSection
	GlobalSection(SolutionProperties) = preSolution
		HideSolutionNode = FALSE
	EndGlobalSection
EndGlobal
