
Microsoft Visual Studio Solution File, Format Version 11.00
# Visual Studio 2010
Project("{8BC9CEB8-8B4A-11D0-8D11-00A0C91BC942}") = "Bai3_SoNguyenTo", "Bai3_SoNguyenTo\Bai3_SoNguyenTo.vcxproj", "{9201397C-9A0D-493D-917B-41006BC8E8CF}"
EndProject
Global
	GlobalSection(SolutionConfigurationPlatforms) = preSolution
		Debug|Win32 = Debug|Win32
		Release|Win32 = Release|Win32
	EndGlobalSection
	GlobalSection(ProjectConfigurationPlatforms) = postSolution
		{9201397C-9A0D-493D-917B-41006BC8E8CF}.Debug|Win32.ActiveCfg = Debug|Win32
		{9201397C-9A0D-493D-917B-41006BC8E8CF}.Debug|Win32.Build.0 = Debug|Win32
		{9201397C-9A0D-493D-917B-41006BC8E8CF}.Release|Win32.ActiveCfg = Release|Win32
		{9201397C-9A0D-493D-917B-41006BC8E8CF}.Release|Win32.Build.0 = Release|Win32
	EndGlobalSection
	GlobalSection(SolutionProperties) = preSolution
		HideSolutionNode = FALSE
	EndGlobalSection
EndGlobal
